
Microsoft Visual Studio Solution File, Format Version 12.00
# Visual Studio Version 17
VisualStudioVersion = 17.14.36429.23 d17.14
MinimumVisualStudioVersion = 10.0.40219.1
Project("{FAE04EC0-301F-11D3-BF4B-00C04F79EFBC}") = "DLib", "DLib.csproj", "{4E75F6AC-225A-4165-83A8-7BE7A313128B}"
EndProject
Global
	GlobalSection(SolutionConfigurationPlatforms) = preSolution
		Debug|Any CPU = Debug|Any CPU
		Release|Any CPU = Release|Any CPU
	EndGlobalSection
	GlobalSection(ProjectConfigurationPlatforms) = postSolution
		{4E75F6AC-225A-4165-83A8-7BE7A313128B}.Debug|Any CPU.ActiveCfg = Debug|Any CPU
		{4E75F6AC-225A-4165-83A8-7BE7A313128B}.Debug|Any CPU.Build.0 = Debug|Any CPU
		{4E75F6AC-225A-4165-83A8-7BE7A313128B}.Release|Any CPU.ActiveCfg = Release|Any CPU
		{4E75F6AC-225A-4165-83A8-7BE7A313128B}.Release|Any CPU.Build.0 = Release|Any CPU
	EndGlobalSection
	GlobalSection(SolutionProperties) = preSolution
		HideSolutionNode = FALSE
	EndGlobalSection
	GlobalSection(ExtensibilityGlobals) = postSolution
		SolutionGuid = {6B46CA56-8E89-4BA3-A23A-870619DC44CD}
	EndGlobalSection
EndGlobal
