
Microsoft Visual Studio Solution File, Format Version 12.00
# Visual Studio Version 17
VisualStudioVersion = 17.14.36429.23 d17.14
MinimumVisualStudioVersion = 10.0.40219.1
Project("{FAE04EC0-301F-11D3-BF4B-00C04F79EFBC}") = "MCPClient", "MCPClient.csproj", "{983847F1-45D9-4BB4-9FE6-83A9C642AFE0}"
EndProject
Global
	GlobalSection(SolutionConfigurationPlatforms) = preSolution
		Debug|Any CPU = Debug|Any CPU
		Release|Any CPU = Release|Any CPU
	EndGlobalSection
	GlobalSection(ProjectConfigurationPlatforms) = postSolution
		{983847F1-45D9-4BB4-9FE6-83A9C642AFE0}.Debug|Any CPU.ActiveCfg = Debug|Any CPU
		{983847F1-45D9-4BB4-9FE6-83A9C642AFE0}.Debug|Any CPU.Build.0 = Debug|Any CPU
		{983847F1-45D9-4BB4-9FE6-83A9C642AFE0}.Release|Any CPU.ActiveCfg = Release|Any CPU
		{983847F1-45D9-4BB4-9FE6-83A9C642AFE0}.Release|Any CPU.Build.0 = Release|Any CPU
	EndGlobalSection
	GlobalSection(SolutionProperties) = preSolution
		HideSolutionNode = FALSE
	EndGlobalSection
	GlobalSection(ExtensibilityGlobals) = postSolution
		SolutionGuid = {060CCDB4-0DDF-4F57-8CF8-B31B16932E4F}
	EndGlobalSection
EndGlobal
